{
  "name": "r3x-js-showcase",
  "version": "0.0.1",
  "lockfileVersion": 1,
  "requires": true,
  "dependencies": {
    "@rubixfunctions/r3x-js-sdk": {
      "version": "0.0.9",
      "resolved": "https://registry.npmjs.org/@rubixfunctions/r3x-js-sdk/-/r3x-js-sdk-0.0.9.tgz",
      "integrity": "sha512-XqxE1KUrv2gcEcgd7ZYdUM9W5hB1gy35XI8d6NXpiqEbksgeC8VPUtxwnr47x0OvOxMW9KzW5VNbIUMRh1Llkg=="
    }
  }
}
