{
		"name": "js-showcase",
		"version": "0.0.1",
		"lockfileVersion": 1,
		"requires": true,
		"dependencies": {
				"@rubixfunctions/r3x-js-sdk": {
						"version": "0.0.10",
						"resolved": "https://registry.npmjs.org/@rubixfunctions/r3x-js-sdk/-/r3x-js-sdk-0.0.10.tgz",
						"integrity": "sha512-C/u0Knkj7MY0i9wv8VKbMuMEG8W8DcYelnraRyrLgfuj9pg4/CgPcgqIkpL5Dv6W8S6lwJBHYRxotm9YbuBOpw=="
				}
		}
}
